
Microsoft Visual Studio Solution File, Format Version 12.00
# Visual Studio Version 16
VisualStudioVersion = 16.0.31605.320
MinimumVisualStudioVersion = 10.0.40219.1
Project("{FAE04EC0-301F-11D3-BF4B-00C04F79EFBC}") = "ShList.RestApi", "ShList.RestApi\ShList.RestApi.csproj", "{D262B3B1-937C-45B5-94F8-F00E70917D8C}"
EndProject
Project("{9A19103F-16F7-4668-BE54-9A1E7A4F7556}") = "ShList.Dto", "..\ShList.Dto.Sol\ShList.Dto\ShList.Dto.csproj", "{D2903346-FBA4-4658-BAA4-1A2EEE24BC9E}"
EndProject
Global
	GlobalSection(SolutionConfigurationPlatforms) = preSolution
		Debug|Any CPU = Debug|Any CPU
		Release|Any CPU = Release|Any CPU
	EndGlobalSection
	GlobalSection(ProjectConfigurationPlatforms) = postSolution
		{D262B3B1-937C-45B5-94F8-F00E70917D8C}.Debug|Any CPU.ActiveCfg = Debug|Any CPU
		{D262B3B1-937C-45B5-94F8-F00E70917D8C}.Debug|Any CPU.Build.0 = Debug|Any CPU
		{D262B3B1-937C-45B5-94F8-F00E70917D8C}.Release|Any CPU.ActiveCfg = Release|Any CPU
		{D262B3B1-937C-45B5-94F8-F00E70917D8C}.Release|Any CPU.Build.0 = Release|Any CPU
		{D2903346-FBA4-4658-BAA4-1A2EEE24BC9E}.Debug|Any CPU.ActiveCfg = Debug|Any CPU
		{D2903346-FBA4-4658-BAA4-1A2EEE24BC9E}.Debug|Any CPU.Build.0 = Debug|Any CPU
		{D2903346-FBA4-4658-BAA4-1A2EEE24BC9E}.Release|Any CPU.ActiveCfg = Release|Any CPU
		{D2903346-FBA4-4658-BAA4-1A2EEE24BC9E}.Release|Any CPU.Build.0 = Release|Any CPU
	EndGlobalSection
	GlobalSection(SolutionProperties) = preSolution
		HideSolutionNode = FALSE
	EndGlobalSection
	GlobalSection(ExtensibilityGlobals) = postSolution
		SolutionGuid = {282E042A-AF4E-48D7-B006-D19DC38B8A85}
	EndGlobalSection
EndGlobal
